// !$*UTF8*$!
{
	archiveVersion = 1;
	classes = {
	};
	objectVersion = 46;
	objects = {

/* Begin PBXBuildFile section */
		3548C6A31A1AD952006C4897 /* main.m in Sources */ = {isa = PBXBuildFile; fileRef = 3548C6A21A1AD952006C4897 /* main.m */; };
		3548C6A61A1AD952006C4897 /* AppDelegate.m in Sources */ = {isa = PBXBuildFile; fileRef = 3548C6A51A1AD952006C4897 /* AppDelegate.m */; };
		3548C6A91A1AD952006C4897 /* ViewController.m in Sources */ = {isa = PBXBuildFile; fileRef = 3548C6A81A1AD952006C4897 /* ViewController.m */; };
		3548C6AC1A1AD952006C4897 /* Main.storyboard in Resources */ = {isa = PBXBuildFile; fileRef = 3548C6AA1A1AD952006C4897 /* Main.storyboard */; };
		3548C6AE1A1AD952006C4897 /* Images.xcassets in Resources */ = {isa = PBXBuildFile; fileRef = 3548C6AD1A1AD952006C4897 /* Images.xcassets */; };
		3548C6B11A1AD952006C4897 /* LaunchScreen.xib in Resources */ = {isa = PBXBuildFile; fileRef = 3548C6AF1A1AD952006C4897 /* LaunchScreen.xib */; };
		3548C6BD1A1AD952006C4897 /* GithubTestTests.m in Sources */ = {isa = PBXBuildFile; fileRef = 3548C6BC1A1AD952006C4897 /* GithubTestTests.m */; };
/* End PBXBuildFile section */

/* Begin PBXContainerItemProxy section */
		3548C6B71A1AD952006C4897 /* PBXContainerItemProxy */ = {
			isa = PBXContainerItemProxy;
			containerPortal = 3548C6951A1AD952006C4897 /* Project object */;
			proxyType = 1;
			remoteGlobalIDString = 3548C69C1A1AD952006C4897;
			remoteInfo = GithubTest;
		};
/* End PBXContainerItemProxy section */

/* Begin PBXFileReference section */
		3548C69D1A1AD952006C4897 /* GithubTest.app */ = {isa = PBXFileReference; explicitFileType = wrapper.application; includeInIndex = 0; path = GithubTest.app; sourceTree = BUILT_PRODUCTS_DIR; };
		3548C6A11A1AD952006C4897 /* Info.plist */ = {isa = PBXFileReference; lastKnownFileType = text.plist.xml; path = Info.plist; sourceTree = "<group>"; };
		3548C6A21A1AD952006C4897 /* main.m */ = {isa = PBXFileReference; lastKnownFileType = sourcecode.c.objc; path = main.m; sourceTree = "<group>"; };
		3548C6A41A1AD952006C4897 /* AppDelegate.h */ = {isa = PBXFileReference; lastKnownFileType = sourcecode.c.h; path = AppDelegate.h; sourceTree = "<group>"; };
		3548C6A51A1AD952006C4897 /* AppDelegate.m */ = {isa = PBXFileReference; lastKnownFileType = sourcecode.c.objc; path = AppDelegate.m; sourceTree = "<group>"; };
		3548C6A71A1AD952006C4897 /* ViewController.h */ = {isa = PBXFileReference; lastKnownFileType = sourcecode.c.h; path = ViewController.h; sourceTree = "<group>"; };
		3548C6A81A1AD952006C4897 /* ViewController.m */ = {isa = PBXFileReference; lastKnownFileType = sourcecode.c.objc; path = ViewController.m; sourceTree = "<group>"; };
		3548C6AB1A1AD952006C4897 /* Base */ = {isa = PBXFileReference; lastKnownFileType = file.storyboard; name = Base; path = Base.lproj/Main.storyboard; sourceTree = "<group>"; };
		3548C6AD1A1AD952006C4897 /* Images.xcassets */ = {isa = PBXFileReference; lastKnownFileType = folder.assetcatalog; path = Images.xcassets; sourceTree = "<group>"; };
		3548C6B01A1AD952006C4897 /* Base */ = {isa = PBXFileReference; lastKnownFileType = file.xib; name = Base; path = Base.lproj/LaunchScreen.xib; sourceTree = "<group>"; };
		3548C6B61A1AD952006C4897 /* GithubTestTests.xctest */ = {isa = PBXFileReference; explicitFileType = wrapper.cfbundle; includeInIndex = 0; path = GithubTestTests.xctest; sourceTree = BUILT_PRODUCTS_DIR; };
		3548C6BB1A1AD952006C4897 /* Info.plist */ = {isa = PBXFileReference; lastKnownFileType = text.plist.xml; path = Info.plist; sourceTree = "<group>"; };
		3548C6BC1A1AD952006C4897 /* GithubTestTests.m */ = {isa = PBXFileReference; lastKnownFileType = sourcecode.c.objc; path = GithubTestTests.m; sourceTree = "<group>"; };
/* End PBXFileReference section */

/* Begin PBXFrameworksBuildPhase section */
		3548C69A1A1AD952006C4897 /* Frameworks */ = {
			isa = PBXFrameworksBuildPhase;
			buildActionMask = 2147483647;
			files = (
			);
			runOnlyForDeploymentPostprocessing = 0;
		};
		3548C6B31A1AD952006C4897 /* Frameworks */ = {
			isa = PBXFrameworksBuildPhase;
			buildActionMask = 2147483647;
			files = (
			);
			runOnlyForDeploymentPostprocessing = 0;
		};
/* End PBXFrameworksBuildPhase section */

/* Begin PBXGroup section */
		3548C6941A1AD952006C4897 = {
			isa = PBXGroup;
			children = (
				3548C69F1A1AD952006C4897 /* GithubTest */,
				3548C6B91A1AD952006C4897 /* GithubTestTests */,
				3548C69E1A1AD952006C4897 /* Products */,
			);
			sourceTree = "<group>";
		};
		3548C69E1A1AD952006C4897 /* Products */ = {
			isa = PBXGroup;
			children = (
				3548C69D1A1AD952006C4897 /* GithubTest.app */,
				3548C6B61A1AD952006C4897 /* GithubTestTests.xctest */,
			);
			name = Products;
			sourceTree = "<group>";
		};
		3548C69F1A1AD952006C4897 /* GithubTest */ = {
			isa = PBXGroup;
			children = (
				3548C6A41A1AD952006C4897 /* AppDelegate.h */,
				3548C6A51A1AD952006C4897 /* AppDelegate.m */,
				3548C6A71A1AD952006C4897 /* ViewController.h */,
				3548C6A81A1AD952006C4897 /* ViewController.m */,
				3548C6AA1A1AD952006C4897 /* Main.storyboard */,
				3548C6AD1A1AD952006C4897 /* Images.xcassets */,
				3548C6AF1A1AD952006C4897 /* LaunchScreen.xib */,
				3548C6A01A1AD952006C4897 /* Supporting Files */,
			);
			path = GithubTest;
			sourceTree = "<group>";
		};
		3548C6A01A1AD952006C4897 /* Supporting Files */ = {
			isa = PBXGroup;
			children = (
				3548C6A11A1AD952006C4897 /* Info.plist */,
				3548C6A21A1AD952006C4897 /* main.m */,
			);
			name = "Supporting Files";
			sourceTree = "<group>";
		};
		3548C6B91A1AD952006C4897 /* GithubTestTests */ = {
			isa = PBXGroup;
			children = (
				3548C6BC1A1AD952006C4897 /* GithubTestTests.m */,
				3548C6BA1A1AD952006C4897 /* Supporting Files */,
			);
			path = GithubTestTests;
			sourceTree = "<group>";
		};
		3548C6BA1A1AD952006C4897 /* Supporting Files */ = {
			isa = PBXGroup;
			children = (
				3548C6BB1A1AD952006C4897 /* Info.plist */,
			);
			name = "Supporting Files";
			sourceTree = "<group>";
		};
/* End PBXGroup section */

/* Begin PBXNativeTarget section */
		3548C69C1A1AD952006C4897 /* GithubTest */ = {
			isa = PBXNativeTarget;
			buildConfigurationList = 3548C6C01A1AD952006C4897 /* Build configuration list for PBXNativeTarget "GithubTest" */;
			buildPhases = (
				3548C6991A1AD952006C4897 /* Sources */,
				3548C69A1A1AD952006C4897 /* Frameworks */,
				3548C69B1A1AD952006C4897 /* Resources */,
			);
			buildRules = (
			);
			dependencies = (
			);
			name = GithubTest;
			productName = GithubTest;
			productReference = 3548C69D1A1AD952006C4897 /* GithubTest.app */;
			productType = "com.apple.product-type.application";
		};
		3548C6B51A1AD952006C4897 /* GithubTestTests */ = {
			isa = PBXNativeTarget;
			buildConfigurationList = 3548C6C31A1AD952006C4897 /* Build configuration list for PBXNativeTarget "GithubTestTests" */;
			buildPhases = (
				3548C6B21A1AD952006C4897 /* Sources */,
				3548C6B31A1AD952006C4897 /* Frameworks */,
				3548C6B41A1AD952006C4897 /* Resources */,
			);
			buildRules = (
			);
			dependencies = (
				3548C6B81A1AD952006C4897 /* PBXTargetDependency */,
			);
			name = GithubTestTests;
			productName = GithubTestTests;
			productReference = 3548C6B61A1AD952006C4897 /* GithubTestTests.xctest */;
			productType = "com.apple.product-type.bundle.unit-test";
		};
/* End PBXNativeTarget section */

/* Begin PBXProject section */
		3548C6951A1AD952006C4897 /* Project object */ = {
			isa = PBXProject;
			attributes = {
				LastUpgradeCheck = 0610;
				ORGANIZATIONNAME = Accenture;
				TargetAttributes = {
					3548C69C1A1AD952006C4897 = {
						CreatedOnToolsVersion = 6.1;
					};
					3548C6B51A1AD952006C4897 = {
						CreatedOnToolsVersion = 6.1;
						TestTargetID = 3548C69C1A1AD952006C4897;
					};
				};
			};
			buildConfigurationList = 3548C6981A1AD952006C4897 /* Build configuration list for PBXProject "GithubTest" */;
			compatibilityVersion = "Xcode 3.2";
			developmentRegion = English;
			hasScannedForEncodings = 0;
			knownRegions = (
				en,
				Base,
			);
			mainGroup = 3548C6941A1AD952006C4897;
			productRefGroup = 3548C69E1A1AD952006C4897 /* Products */;
			projectDirPath = "";
			projectRoot = "";
			targets = (
				3548C69C1A1AD952006C4897 /* GithubTest */,
				3548C6B51A1AD952006C4897 /* GithubTestTests */,
			);
		};
/* End PBXProject section */

/* Begin PBXResourcesBuildPhase section */
		3548C69B1A1AD952006C4897 /* Resources */ = {
			isa = PBXResourcesBuildPhase;
			buildActionMask = 2147483647;
			files = (
				3548C6AC1A1AD952006C4897 /* Main.storyboard in Resources */,
				3548C6B11A1AD952006C4897 /* LaunchScreen.xib in Resources */,
				3548C6AE1A1AD952006C4897 /* Images.xcassets in Resources */,
			);
			runOnlyForDeploymentPostprocessing = 0;
		};
		3548C6B41A1AD952006C4897 /* Resources */ = {
			isa = PBXResourcesBuildPhase;
			buildActionMask = 2147483647;
			files = (
			);
			runOnlyForDeploymentPostprocessing = 0;
		};
/* End PBXResourcesBuildPhase section */

/* Begin PBXSourcesBuildPhase section */
		3548C6991A1AD952006C4897 /* Sources */ = {
			isa = PBXSourcesBuildPhase;
			buildActionMask = 2147483647;
			files = (
				3548C6A91A1AD952006C4897 /* ViewController.m in Sources */,
				3548C6A61A1AD952006C4897 /* AppDelegate.m in Sources */,
				3548C6A31A1AD952006C4897 /* main.m in Sources */,
			);
			runOnlyForDeploymentPostprocessing = 0;
		};
		3548C6B21A1AD952006C4897 /* Sources */ = {
			isa = PBXSourcesBuildPhase;
			buildActionMask = 2147483647;
			files = (
				3548C6BD1A1AD952006C4897 /* GithubTestTests.m in Sources */,
			);
			runOnlyForDeploymentPostprocessing = 0;
		};
/* End PBXSourcesBuildPhase section */

/* Begin PBXTargetDependency section */
		3548C6B81A1AD952006C4897 /* PBXTargetDependency */ = {
			isa = PBXTargetDependency;
			target = 3548C69C1A1AD952006C4897 /* GithubTest */;
			targetProxy = 3548C6B71A1AD952006C4897 /* PBXContainerItemProxy */;
		};
/* End PBXTargetDependency section */

/* Begin PBXVariantGroup section */
		3548C6AA1A1AD952006C4897 /* Main.storyboard */ = {
			isa = PBXVariantGroup;
			children = (
				3548C6AB1A1AD952006C4897 /* Base */,
			);
			name = Main.storyboard;
			sourceTree = "<group>";
		};
		3548C6AF1A1AD952006C4897 /* LaunchScreen.xib */ = {
			isa = PBXVariantGroup;
			children = (
				3548C6B01A1AD952006C4897 /* Base */,
			);
			name = LaunchScreen.xib;
			sourceTree = "<group>";
		};
/* End PBXVariantGroup section */

/* Begin XCBuildConfiguration section */
		3548C6BE1A1AD952006C4897 /* Debug */ = {
			isa = XCBuildConfiguration;
			buildSettings = {
				ALWAYS_SEARCH_USER_PATHS = NO;
				CLANG_CXX_LANGUAGE_STANDARD = "gnu++0x";
				CLANG_CXX_LIBRARY = "libc++";
				CLANG_ENABLE_MODULES = YES;
				CLANG_ENABLE_OBJC_ARC = YES;
				CLANG_WARN_BOOL_CONVERSION = YES;
				CLANG_WARN_CONSTANT_CONVERSION = YES;
				CLANG_WARN_DIRECT_OBJC_ISA_USAGE = YES_ERROR;
				CLANG_WARN_EMPTY_BODY = YES;
				CLANG_WARN_ENUM_CONVERSION = YES;
				CLANG_WARN_INT_CONVERSION = YES;
				CLANG_WARN_OBJC_ROOT_CLASS = YES_ERROR;
				CLANG_WARN_UNREACHABLE_CODE = YES;
				CLANG_WARN__DUPLICATE_METHOD_MATCH = YES;
				"CODE_SIGN_IDENTITY[sdk=iphoneos*]" = "iPhone Developer";
				COPY_PHASE_STRIP = NO;
				ENABLE_STRICT_OBJC_MSGSEND = YES;
				GCC_C_LANGUAGE_STANDARD = gnu99;
				GCC_DYNAMIC_NO_PIC = NO;
				GCC_OPTIMIZATION_LEVEL = 0;
				GCC_PREPROCESSOR_DEFINITIONS = (
					"DEBUG=1",
					"$(inherited)",
				);
				GCC_SYMBOLS_PRIVATE_EXTERN = NO;
				GCC_WARN_64_TO_32_BIT_CONVERSION = YES;
				GCC_WARN_ABOUT_RETURN_TYPE = YES_ERROR;
				GCC_WARN_UNDECLARED_SELECTOR = YES;
				GCC_WARN_UNINITIALIZED_AUTOS = YES_AGGRESSIVE;
				GCC_WARN_UNUSED_FUNCTION = YES;
				GCC_WARN_UNUSED_VARIABLE = YES;
				IPHONEOS_DEPLOYMENT_TARGET = 8.1;
				MTL_ENABLE_DEBUG_INFO = YES;
				ONLY_ACTIVE_ARCH = YES;
				SDKROOT = iphoneos;
			};
			name = Debug;
		};
		3548C6BF1A1AD952006C4897 /* Release */ = {
			isa = XCBuildConfiguration;
			buildSettings = {
				ALWAYS_SEARCH_USER_PATHS = NO;
				CLANG_CXX_LANGUAGE_STANDARD = "gnu++0x";
				CLANG_CXX_LIBRARY = "libc++";
				CLANG_ENABLE_MODULES = YES;
				CLANG_ENABLE_OBJC_ARC = YES;
				CLANG_WARN_BOOL_CONVERSION = YES;
				CLANG_WARN_CONSTANT_CONVERSION = YES;
				CLANG_WARN_DIRECT_OBJC_ISA_USAGE = YES_ERROR;
				CLANG_WARN_EMPTY_BODY = YES;
				CLANG_WARN_ENUM_CONVERSION = YES;
				CLANG_WARN_INT_CONVERSION = YES;
				CLANG_WARN_OBJC_ROOT_CLASS = YES_ERROR;
				CLANG_WARN_UNREACHABLE_CODE = YES;
				CLANG_WARN__DUPLICATE_METHOD_MATCH = YES;
				"CODE_SIGN_IDENTITY[sdk=iphoneos*]" = "iPhone Developer";
				COPY_PHASE_STRIP = YES;
				ENABLE_NS_ASSERTIONS = NO;
				ENABLE_STRICT_OBJC_MSGSEND = YES;
				GCC_C_LANGUAGE_STANDARD = gnu99;
				GCC_WARN_64_TO_32_BIT_CONVERSION = YES;
				GCC_WARN_ABOUT_RETURN_TYPE = YES_ERROR;
				GCC_WARN_UNDECLARED_SELECTOR = YES;
				GCC_WARN_UNINITIALIZED_AUTOS = YES_AGGRESSIVE;
				GCC_WARN_UNUSED_FUNCTION = YES;
				GCC_WARN_UNUSED_VARIABLE = YES;
				IPHONEOS_DEPLOYMENT_TARGET = 8.1;
				MTL_ENABLE_DEBUG_INFO = NO;
				SDKROOT = iphoneos;
				VALIDATE_PRODUCT = YES;
			};
			name = Release;
		};
		3548C6C11A1AD952006C4897 /* Debug */ = {
			isa = XCBuildConfiguration;
			buildSettings = {
				ASSETCATALOG_COMPILER_APPICON_NAME = AppIcon;
				INFOPLIST_FILE = GithubTest/Info.plist;
				LD_RUNPATH_SEARCH_PATHS = "$(inherited) @executable_path/Frameworks";
				PRODUCT_NAME = "$(TARGET_NAME)";
			};
			name = Debug;
		};
		3548C6C21A1AD952006C4897 /* Release */ = {
			isa = XCBuildConfiguration;
			buildSettings = {
				ASSETCATALOG_COMPILER_APPICON_NAME = AppIcon;
				INFOPLIST_FILE = GithubTest/Info.plist;
				LD_RUNPATH_SEARCH_PATHS = "$(inherited) @executable_path/Frameworks";
				PRODUCT_NAME = "$(TARGET_NAME)";
			};
			name = Release;
		};
		3548C6C41A1AD952006C4897 /* Debug */ = {
			isa = XCBuildConfiguration;
			buildSettings = {
				BUNDLE_LOADER = "$(TEST_HOST)";
				FRAMEWORK_SEARCH_PATHS = (
					"$(SDKROOT)/Developer/Library/Frameworks",
					"$(inherited)",
				);
				GCC_PREPROCESSOR_DEFINITIONS = (
					"DEBUG=1",
					"$(inherited)",
				);
				INFOPLIST_FILE = GithubTestTests/Info.plist;
				LD_RUNPATH_SEARCH_PATHS = "$(inherited) @executable_path/Frameworks @loader_path/Frameworks";
				PRODUCT_NAME = "$(TARGET_NAME)";
				TEST_HOST = "$(BUILT_PRODUCTS_DIR)/GithubTest.app/GithubTest";
			};
			name = Debug;
		};
		3548C6C51A1AD952006C4897 /* Release */ = {
			isa = XCBuildConfiguration;
			buildSettings = {
				BUNDLE_LOADER = "$(TEST_HOST)";
				FRAMEWORK_SEARCH_PATHS = (
					"$(SDKROOT)/Developer/Library/Frameworks",
					"$(inherited)",
				);
				INFOPLIST_FILE = GithubTestTests/Info.plist;
				LD_RUNPATH_SEARCH_PATHS = "$(inherited) @executable_path/Frameworks @loader_path/Frameworks";
				PRODUCT_NAME = "$(TARGET_NAME)";
				TEST_HOST = "$(BUILT_PRODUCTS_DIR)/GithubTest.app/GithubTest";
			};
			name = Release;
		};
/* End XCBuildConfiguration section */

/* Begin XCConfigurationList section */
		3548C6981A1AD952006C4897 /* Build configuration list for PBXProject "GithubTest" */ = {
			isa = XCConfigurationList;
			buildConfigurations = (
				3548C6BE1A1AD952006C4897 /* Debug */,
				3548C6BF1A1AD952006C4897 /* Release */,
			);
			defaultConfigurationIsVisible = 0;
			defaultConfigurationName = Release;
		};
		3548C6C01A1AD952006C4897 /* Build configuration list for PBXNativeTarget "GithubTest" */ = {
			isa = XCConfigurationList;
			buildConfigurations = (
				3548C6C11A1AD952006C4897 /* Debug */,
				3548C6C21A1AD952006C4897 /* Release */,
			);
			defaultConfigurationIsVisible = 0;
		};
		3548C6C31A1AD952006C4897 /* Build configuration list for PBXNativeTarget "GithubTestTests" */ = {
			isa = XCConfigurationList;
			buildConfigurations = (
				3548C6C41A1AD952006C4897 /* Debug */,
				3548C6C51A1AD952006C4897 /* Release */,
			);
			defaultConfigurationIsVisible = 0;
		};
/* End XCConfigurationList section */
	};
	rootObject = 3548C6951A1AD952006C4897 /* Project object */;
}
